Microsoft Visual Studio Solution File, Format Version 12.00
# Visual Studio 14
VisualStudioVersion = 14.0.23107.0
MinimumVisualStudioVersion = 10.0.40219.1
Project("{FAE04EC0-301F-11D3-BF4B-00C04F79EFBC}") = "SRM249Q1", "SRM249Q1\SRM249Q1.csproj", "{9F6EA18D-6E3F-410D-89A0-727E06ED52CD}"
EndProject
Project("{FAE04EC0-301F-11D3-BF4B-00C04F79EFBC}") = "SRM249Q2", "SRM249Q2\SRM249Q2.csproj", "{F819E243-B455-4F82-8B97-925034D6C3D3}"
EndProject
Project("{FAE04EC0-301F-11D3-BF4B-00C04F79EFBC}") = "SRM249Q3", "SRM249Q3\SRM249Q3.csproj", "{2F6FA64A-4CFB-4488-94FA-3303BC9B5BE2}"
EndProject
Global
	GlobalSection(SolutionConfigurationPlatforms) = preSolution
		Debug|Any CPU = Debug|Any CPU
		Release|Any CPU = Release|Any CPU
	EndGlobalSection
	GlobalSection(ProjectConfigurationPlatforms) = postSolution
		{9F6EA18D-6E3F-410D-89A0-727E06ED52CD}.Debug|Any CPU.ActiveCfg = Debug|Any CPU
		{9F6EA18D-6E3F-410D-89A0-727E06ED52CD}.Debug|Any CPU.Build.0 = Debug|Any CPU
		{9F6EA18D-6E3F-410D-89A0-727E06ED52CD}.Release|Any CPU.ActiveCfg = Release|Any CPU
		{9F6EA18D-6E3F-410D-89A0-727E06ED52CD}.Release|Any CPU.Build.0 = Release|Any CPU
		{F819E243-B455-4F82-8B97-925034D6C3D3}.Debug|Any CPU.ActiveCfg = Debug|Any CPU
		{F819E243-B455-4F82-8B97-925034D6C3D3}.Debug|Any CPU.Build.0 = Debug|Any CPU
		{F819E243-B455-4F82-8B97-925034D6C3D3}.Release|Any CPU.ActiveCfg = Release|Any CPU
		{F819E243-B455-4F82-8B97-925034D6C3D3}.Release|Any CPU.Build.0 = Release|Any CPU
		{2F6FA64A-4CFB-4488-94FA-3303BC9B5BE2}.Debug|Any CPU.ActiveCfg = Debug|Any CPU
		{2F6FA64A-4CFB-4488-94FA-3303BC9B5BE2}.Debug|Any CPU.Build.0 = Debug|Any CPU
		{2F6FA64A-4CFB-4488-94FA-3303BC9B5BE2}.Release|Any CPU.ActiveCfg = Release|Any CPU
		{2F6FA64A-4CFB-4488-94FA-3303BC9B5BE2}.Release|Any CPU.Build.0 = Release|Any CPU
	EndGlobalSection
	GlobalSection(SolutionProperties) = preSolution
		HideSolutionNode = FALSE
	EndGlobalSection
	GlobalSection(VSIntegration.BindingRedirects) = postSolution
		MinRedirectVersion = 6.0.0.0
		MaxRedirectVersion = 6.0.9999.0
	EndGlobalSection
EndGlobal
