
Microsoft Visual Studio Solution File, Format Version 12.00
# Visual Studio 14
VisualStudioVersion = 14.0.23107.0
MinimumVisualStudioVersion = 10.0.40219.1
Project("{FAE04EC0-301F-11D3-BF4B-00C04F79EFBC}") = "GCJ08R2Q1", "GCJ08R2Q1\GCJ08R2Q1.csproj", "{03D67702-53F6-48F3-A8D8-E99410A69CDB}"
EndProject
Project("{FAE04EC0-301F-11D3-BF4B-00C04F79EFBC}") = "GCJ08R2Q2", "GCJ08R2Q2\GCJ08R2Q2.csproj", "{ED7DE2F1-94B8-44D0-B079-27C8B0BCA7C4}"
EndProject
Project("{FAE04EC0-301F-11D3-BF4B-00C04F79EFBC}") = "GCJ08R2Q3", "GCJ08R2Q3\GCJ08R2Q3.csproj", "{4C3E64D8-D388-4ACB-9C32-9FF6D9A13AE8}"
EndProject
Project("{FAE04EC0-301F-11D3-BF4B-00C04F79EFBC}") = "GCJ08R2Q4", "GCJ08R2Q4\GCJ08R2Q4.csproj", "{FF602C4E-5DD7-4A2B-ABAD-5C5E0AB3B920}"
EndProject
Global
	GlobalSection(SolutionConfigurationPlatforms) = preSolution
		Debug|Any CPU = Debug|Any CPU
		Release|Any CPU = Release|Any CPU
	EndGlobalSection
	GlobalSection(ProjectConfigurationPlatforms) = postSolution
		{03D67702-53F6-48F3-A8D8-E99410A69CDB}.Debug|Any CPU.ActiveCfg = Debug|Any CPU
		{03D67702-53F6-48F3-A8D8-E99410A69CDB}.Debug|Any CPU.Build.0 = Debug|Any CPU
		{03D67702-53F6-48F3-A8D8-E99410A69CDB}.Release|Any CPU.ActiveCfg = Release|Any CPU
		{03D67702-53F6-48F3-A8D8-E99410A69CDB}.Release|Any CPU.Build.0 = Release|Any CPU
		{ED7DE2F1-94B8-44D0-B079-27C8B0BCA7C4}.Debug|Any CPU.ActiveCfg = Debug|Any CPU
		{ED7DE2F1-94B8-44D0-B079-27C8B0BCA7C4}.Debug|Any CPU.Build.0 = Debug|Any CPU
		{ED7DE2F1-94B8-44D0-B079-27C8B0BCA7C4}.Release|Any CPU.ActiveCfg = Release|Any CPU
		{ED7DE2F1-94B8-44D0-B079-27C8B0BCA7C4}.Release|Any CPU.Build.0 = Release|Any CPU
		{4C3E64D8-D388-4ACB-9C32-9FF6D9A13AE8}.Debug|Any CPU.ActiveCfg = Debug|Any CPU
		{4C3E64D8-D388-4ACB-9C32-9FF6D9A13AE8}.Debug|Any CPU.Build.0 = Debug|Any CPU
		{4C3E64D8-D388-4ACB-9C32-9FF6D9A13AE8}.Release|Any CPU.ActiveCfg = Release|Any CPU
		{4C3E64D8-D388-4ACB-9C32-9FF6D9A13AE8}.Release|Any CPU.Build.0 = Release|Any CPU
		{FF602C4E-5DD7-4A2B-ABAD-5C5E0AB3B920}.Debug|Any CPU.ActiveCfg = Debug|Any CPU
		{FF602C4E-5DD7-4A2B-ABAD-5C5E0AB3B920}.Debug|Any CPU.Build.0 = Debug|Any CPU
		{FF602C4E-5DD7-4A2B-ABAD-5C5E0AB3B920}.Release|Any CPU.ActiveCfg = Release|Any CPU
		{FF602C4E-5DD7-4A2B-ABAD-5C5E0AB3B920}.Release|Any CPU.Build.0 = Release|Any CPU
	EndGlobalSection
	GlobalSection(SolutionProperties) = preSolution
		HideSolutionNode = FALSE
	EndGlobalSection
EndGlobal
