
Microsoft Visual Studio Solution File, Format Version 12.00
# Visual Studio 14
VisualStudioVersion = 14.0.23107.0
MinimumVisualStudioVersion = 10.0.40219.1
Project("{FAE04EC0-301F-11D3-BF4B-00C04F79EFBC}") = "SRM254Q1", "SRM254Q1\SRM254Q1.csproj", "{53CDD577-CDAA-48F5-B31E-31B550DEB2C3}"
EndProject
Project("{FAE04EC0-301F-11D3-BF4B-00C04F79EFBC}") = "SRM254Q2", "SRM254Q2\SRM254Q2.csproj", "{37023624-CD78-4303-B790-424064B8B7DE}"
EndProject
Project("{FAE04EC0-301F-11D3-BF4B-00C04F79EFBC}") = "SRM254Q3", "SRM254Q3\SRM254Q3.csproj", "{B35F7905-6349-44D0-A84B-05D7DB2E3D25}"
EndProject
Project("{FAE04EC0-301F-11D3-BF4B-00C04F79EFBC}") = "SRM254D2Q1", "SRM254D2Q1\SRM254D2Q1.csproj", "{25AD9B76-2646-40EB-A2B5-3D9F6450DBE8}"
EndProject
Project("{FAE04EC0-301F-11D3-BF4B-00C04F79EFBC}") = "SRM254D2Q2", "SRM254D2Q2\SRM254D2Q2.csproj", "{A37F6AA3-48AE-452D-8715-0E600CDF16D2}"
EndProject
Project("{FAE04EC0-301F-11D3-BF4B-00C04F79EFBC}") = "SRM254D2Q3", "SRM254D2Q3\SRM254D2Q3.csproj", "{55B774C7-F4FB-4213-BF2D-E1B829484B3C}"
EndProject
Global
	GlobalSection(SolutionConfigurationPlatforms) = preSolution
		Debug|Any CPU = Debug|Any CPU
		Release|Any CPU = Release|Any CPU
	EndGlobalSection
	GlobalSection(ProjectConfigurationPlatforms) = postSolution
		{53CDD577-CDAA-48F5-B31E-31B550DEB2C3}.Debug|Any CPU.ActiveCfg = Debug|Any CPU
		{53CDD577-CDAA-48F5-B31E-31B550DEB2C3}.Debug|Any CPU.Build.0 = Debug|Any CPU
		{53CDD577-CDAA-48F5-B31E-31B550DEB2C3}.Release|Any CPU.ActiveCfg = Release|Any CPU
		{53CDD577-CDAA-48F5-B31E-31B550DEB2C3}.Release|Any CPU.Build.0 = Release|Any CPU
		{37023624-CD78-4303-B790-424064B8B7DE}.Debug|Any CPU.ActiveCfg = Debug|Any CPU
		{37023624-CD78-4303-B790-424064B8B7DE}.Debug|Any CPU.Build.0 = Debug|Any CPU
		{37023624-CD78-4303-B790-424064B8B7DE}.Release|Any CPU.ActiveCfg = Release|Any CPU
		{37023624-CD78-4303-B790-424064B8B7DE}.Release|Any CPU.Build.0 = Release|Any CPU
		{B35F7905-6349-44D0-A84B-05D7DB2E3D25}.Debug|Any CPU.ActiveCfg = Debug|Any CPU
		{B35F7905-6349-44D0-A84B-05D7DB2E3D25}.Debug|Any CPU.Build.0 = Debug|Any CPU
		{B35F7905-6349-44D0-A84B-05D7DB2E3D25}.Release|Any CPU.ActiveCfg = Release|Any CPU
		{B35F7905-6349-44D0-A84B-05D7DB2E3D25}.Release|Any CPU.Build.0 = Release|Any CPU
		{25AD9B76-2646-40EB-A2B5-3D9F6450DBE8}.Debug|Any CPU.ActiveCfg = Debug|Any CPU
		{25AD9B76-2646-40EB-A2B5-3D9F6450DBE8}.Debug|Any CPU.Build.0 = Debug|Any CPU
		{25AD9B76-2646-40EB-A2B5-3D9F6450DBE8}.Release|Any CPU.ActiveCfg = Release|Any CPU
		{25AD9B76-2646-40EB-A2B5-3D9F6450DBE8}.Release|Any CPU.Build.0 = Release|Any CPU
		{A37F6AA3-48AE-452D-8715-0E600CDF16D2}.Debug|Any CPU.ActiveCfg = Debug|Any CPU
		{A37F6AA3-48AE-452D-8715-0E600CDF16D2}.Debug|Any CPU.Build.0 = Debug|Any CPU
		{A37F6AA3-48AE-452D-8715-0E600CDF16D2}.Release|Any CPU.ActiveCfg = Release|Any CPU
		{A37F6AA3-48AE-452D-8715-0E600CDF16D2}.Release|Any CPU.Build.0 = Release|Any CPU
		{55B774C7-F4FB-4213-BF2D-E1B829484B3C}.Debug|Any CPU.ActiveCfg = Debug|Any CPU
		{55B774C7-F4FB-4213-BF2D-E1B829484B3C}.Debug|Any CPU.Build.0 = Debug|Any CPU
		{55B774C7-F4FB-4213-BF2D-E1B829484B3C}.Release|Any CPU.ActiveCfg = Release|Any CPU
		{55B774C7-F4FB-4213-BF2D-E1B829484B3C}.Release|Any CPU.Build.0 = Release|Any CPU
	EndGlobalSection
	GlobalSection(SolutionProperties) = preSolution
		HideSolutionNode = FALSE
	EndGlobalSection
EndGlobal
