
Microsoft Visual Studio Solution File, Format Version 12.00
# Visual Studio 14
VisualStudioVersion = 14.0.23107.0
MinimumVisualStudioVersion = 10.0.40219.1
Project("{FAE04EC0-301F-11D3-BF4B-00C04F79EFBC}") = "SRM225q1", "SRM225q1\SRM225q1.csproj", "{423B0D40-9439-4B38-B17A-7787101CB715}"
EndProject
Project("{FAE04EC0-301F-11D3-BF4B-00C04F79EFBC}") = "SRM225q2", "SRM225q2\SRM225q2.csproj", "{61A76DC6-9385-44CE-8265-B9E9217FA866}"
EndProject
Project("{FAE04EC0-301F-11D3-BF4B-00C04F79EFBC}") = "SRM225q3", "SRM225q3\SRM225q3.csproj", "{639C50EF-90A4-411E-8F29-A96EB4AC8A81}"
EndProject
Global
	GlobalSection(SolutionConfigurationPlatforms) = preSolution
		Debug|Any CPU = Debug|Any CPU
		Release|Any CPU = Release|Any CPU
	EndGlobalSection
	GlobalSection(ProjectConfigurationPlatforms) = postSolution
		{423B0D40-9439-4B38-B17A-7787101CB715}.Debug|Any CPU.ActiveCfg = Debug|Any CPU
		{423B0D40-9439-4B38-B17A-7787101CB715}.Debug|Any CPU.Build.0 = Debug|Any CPU
		{423B0D40-9439-4B38-B17A-7787101CB715}.Release|Any CPU.ActiveCfg = Release|Any CPU
		{423B0D40-9439-4B38-B17A-7787101CB715}.Release|Any CPU.Build.0 = Release|Any CPU
		{61A76DC6-9385-44CE-8265-B9E9217FA866}.Debug|Any CPU.ActiveCfg = Debug|Any CPU
		{61A76DC6-9385-44CE-8265-B9E9217FA866}.Debug|Any CPU.Build.0 = Debug|Any CPU
		{61A76DC6-9385-44CE-8265-B9E9217FA866}.Release|Any CPU.ActiveCfg = Release|Any CPU
		{61A76DC6-9385-44CE-8265-B9E9217FA866}.Release|Any CPU.Build.0 = Release|Any CPU
		{639C50EF-90A4-411E-8F29-A96EB4AC8A81}.Debug|Any CPU.ActiveCfg = Debug|Any CPU
		{639C50EF-90A4-411E-8F29-A96EB4AC8A81}.Debug|Any CPU.Build.0 = Debug|Any CPU
		{639C50EF-90A4-411E-8F29-A96EB4AC8A81}.Release|Any CPU.ActiveCfg = Release|Any CPU
		{639C50EF-90A4-411E-8F29-A96EB4AC8A81}.Release|Any CPU.Build.0 = Release|Any CPU
	EndGlobalSection
	GlobalSection(SolutionProperties) = preSolution
		HideSolutionNode = FALSE
	EndGlobalSection
EndGlobal
