
Microsoft Visual Studio Solution File, Format Version 12.00
# Visual Studio 14
VisualStudioVersion = 14.0.23107.0
MinimumVisualStudioVersion = 10.0.40219.1
Project("{FAE04EC0-301F-11D3-BF4B-00C04F79EFBC}") = "SRM256D2Q1", "SRM256D2Q1\SRM256D2Q1.csproj", "{8EA5CFFF-D147-44A7-AD8B-E0F79458B9C1}"
EndProject
Project("{FAE04EC0-301F-11D3-BF4B-00C04F79EFBC}") = "SRM256D2Q2", "SRM256D2Q2\SRM256D2Q2.csproj", "{9548CCA9-C409-4B31-8766-3C150E2A8971}"
EndProject
Project("{FAE04EC0-301F-11D3-BF4B-00C04F79EFBC}") = "SRM256D2Q3", "SRM256D2Q3\SRM256D2Q3.csproj", "{83678FB7-8F0F-445E-9890-0BEC4B4C7852}"
EndProject
Project("{FAE04EC0-301F-11D3-BF4B-00C04F79EFBC}") = "SRM256Q1", "SRM256Q1\SRM256Q1.csproj", "{DC812605-2ACD-408D-A364-CB367DFBDBA8}"
EndProject
Project("{FAE04EC0-301F-11D3-BF4B-00C04F79EFBC}") = "SRM256Q2", "SRM256Q2\SRM256Q2.csproj", "{EF9B4F87-4E47-4843-9D65-67CB3E36280F}"
EndProject
Project("{FAE04EC0-301F-11D3-BF4B-00C04F79EFBC}") = "SRM256Q3", "SRM256Q3\SRM256Q3.csproj", "{2BC43EB6-778F-4A70-84ED-4ABC3F367A75}"
EndProject
Global
	GlobalSection(SolutionConfigurationPlatforms) = preSolution
		Debug|Any CPU = Debug|Any CPU
		Release|Any CPU = Release|Any CPU
	EndGlobalSection
	GlobalSection(ProjectConfigurationPlatforms) = postSolution
		{8EA5CFFF-D147-44A7-AD8B-E0F79458B9C1}.Debug|Any CPU.ActiveCfg = Debug|Any CPU
		{8EA5CFFF-D147-44A7-AD8B-E0F79458B9C1}.Debug|Any CPU.Build.0 = Debug|Any CPU
		{8EA5CFFF-D147-44A7-AD8B-E0F79458B9C1}.Release|Any CPU.ActiveCfg = Release|Any CPU
		{8EA5CFFF-D147-44A7-AD8B-E0F79458B9C1}.Release|Any CPU.Build.0 = Release|Any CPU
		{9548CCA9-C409-4B31-8766-3C150E2A8971}.Debug|Any CPU.ActiveCfg = Debug|Any CPU
		{9548CCA9-C409-4B31-8766-3C150E2A8971}.Debug|Any CPU.Build.0 = Debug|Any CPU
		{9548CCA9-C409-4B31-8766-3C150E2A8971}.Release|Any CPU.ActiveCfg = Release|Any CPU
		{9548CCA9-C409-4B31-8766-3C150E2A8971}.Release|Any CPU.Build.0 = Release|Any CPU
		{83678FB7-8F0F-445E-9890-0BEC4B4C7852}.Debug|Any CPU.ActiveCfg = Debug|Any CPU
		{83678FB7-8F0F-445E-9890-0BEC4B4C7852}.Debug|Any CPU.Build.0 = Debug|Any CPU
		{83678FB7-8F0F-445E-9890-0BEC4B4C7852}.Release|Any CPU.ActiveCfg = Release|Any CPU
		{83678FB7-8F0F-445E-9890-0BEC4B4C7852}.Release|Any CPU.Build.0 = Release|Any CPU
		{DC812605-2ACD-408D-A364-CB367DFBDBA8}.Debug|Any CPU.ActiveCfg = Debug|Any CPU
		{DC812605-2ACD-408D-A364-CB367DFBDBA8}.Debug|Any CPU.Build.0 = Debug|Any CPU
		{DC812605-2ACD-408D-A364-CB367DFBDBA8}.Release|Any CPU.ActiveCfg = Release|Any CPU
		{DC812605-2ACD-408D-A364-CB367DFBDBA8}.Release|Any CPU.Build.0 = Release|Any CPU
		{EF9B4F87-4E47-4843-9D65-67CB3E36280F}.Debug|Any CPU.ActiveCfg = Debug|Any CPU
		{EF9B4F87-4E47-4843-9D65-67CB3E36280F}.Debug|Any CPU.Build.0 = Debug|Any CPU
		{EF9B4F87-4E47-4843-9D65-67CB3E36280F}.Release|Any CPU.ActiveCfg = Release|Any CPU
		{EF9B4F87-4E47-4843-9D65-67CB3E36280F}.Release|Any CPU.Build.0 = Release|Any CPU
		{2BC43EB6-778F-4A70-84ED-4ABC3F367A75}.Debug|Any CPU.ActiveCfg = Debug|Any CPU
		{2BC43EB6-778F-4A70-84ED-4ABC3F367A75}.Debug|Any CPU.Build.0 = Debug|Any CPU
		{2BC43EB6-778F-4A70-84ED-4ABC3F367A75}.Release|Any CPU.ActiveCfg = Release|Any CPU
		{2BC43EB6-778F-4A70-84ED-4ABC3F367A75}.Release|Any CPU.Build.0 = Release|Any CPU
	EndGlobalSection
	GlobalSection(SolutionProperties) = preSolution
		HideSolutionNode = FALSE
	EndGlobalSection
EndGlobal
