
Microsoft Visual Studio Solution File, Format Version 12.00
# Visual Studio 14
VisualStudioVersion = 14.0.23107.0
MinimumVisualStudioVersion = 10.0.40219.1
Project("{FAE04EC0-301F-11D3-BF4B-00C04F79EFBC}") = "SRM255D2Q1", "SRM255D2Q1\SRM255D2Q1.csproj", "{123BCD4E-2189-4035-820C-5A7DA1B8517F}"
EndProject
Project("{FAE04EC0-301F-11D3-BF4B-00C04F79EFBC}") = "SRM255D2Q2", "SRM255D2Q2\SRM255D2Q2.csproj", "{1E6CE5C2-E51E-4574-AAC4-1F8FFDE54695}"
EndProject
Project("{FAE04EC0-301F-11D3-BF4B-00C04F79EFBC}") = "SRM255D2Q3", "SRM255D2Q3\SRM255D2Q3.csproj", "{427016D9-B5C9-4A58-A450-56CF05D7E241}"
EndProject
Project("{FAE04EC0-301F-11D3-BF4B-00C04F79EFBC}") = "SRM255Q1", "SRM255Q1\SRM255Q1.csproj", "{8915AC22-66EE-4CE2-B23B-298F642B6F82}"
EndProject
Project("{FAE04EC0-301F-11D3-BF4B-00C04F79EFBC}") = "SRM255Q2", "SRM255Q2\SRM255Q2.csproj", "{610B6AC7-49E1-4B13-B991-CC0116DC837B}"
EndProject
Project("{FAE04EC0-301F-11D3-BF4B-00C04F79EFBC}") = "SRM255Q3", "SRM255Q3\SRM255Q3.csproj", "{ACB82190-ED6F-4B94-A278-792761E7BE27}"
EndProject
Global
	GlobalSection(SolutionConfigurationPlatforms) = preSolution
		Debug|Any CPU = Debug|Any CPU
		Release|Any CPU = Release|Any CPU
	EndGlobalSection
	GlobalSection(ProjectConfigurationPlatforms) = postSolution
		{123BCD4E-2189-4035-820C-5A7DA1B8517F}.Debug|Any CPU.ActiveCfg = Debug|Any CPU
		{123BCD4E-2189-4035-820C-5A7DA1B8517F}.Debug|Any CPU.Build.0 = Debug|Any CPU
		{123BCD4E-2189-4035-820C-5A7DA1B8517F}.Release|Any CPU.ActiveCfg = Release|Any CPU
		{123BCD4E-2189-4035-820C-5A7DA1B8517F}.Release|Any CPU.Build.0 = Release|Any CPU
		{1E6CE5C2-E51E-4574-AAC4-1F8FFDE54695}.Debug|Any CPU.ActiveCfg = Debug|Any CPU
		{1E6CE5C2-E51E-4574-AAC4-1F8FFDE54695}.Debug|Any CPU.Build.0 = Debug|Any CPU
		{1E6CE5C2-E51E-4574-AAC4-1F8FFDE54695}.Release|Any CPU.ActiveCfg = Release|Any CPU
		{1E6CE5C2-E51E-4574-AAC4-1F8FFDE54695}.Release|Any CPU.Build.0 = Release|Any CPU
		{427016D9-B5C9-4A58-A450-56CF05D7E241}.Debug|Any CPU.ActiveCfg = Debug|Any CPU
		{427016D9-B5C9-4A58-A450-56CF05D7E241}.Debug|Any CPU.Build.0 = Debug|Any CPU
		{427016D9-B5C9-4A58-A450-56CF05D7E241}.Release|Any CPU.ActiveCfg = Release|Any CPU
		{427016D9-B5C9-4A58-A450-56CF05D7E241}.Release|Any CPU.Build.0 = Release|Any CPU
		{8915AC22-66EE-4CE2-B23B-298F642B6F82}.Debug|Any CPU.ActiveCfg = Debug|Any CPU
		{8915AC22-66EE-4CE2-B23B-298F642B6F82}.Debug|Any CPU.Build.0 = Debug|Any CPU
		{8915AC22-66EE-4CE2-B23B-298F642B6F82}.Release|Any CPU.ActiveCfg = Release|Any CPU
		{8915AC22-66EE-4CE2-B23B-298F642B6F82}.Release|Any CPU.Build.0 = Release|Any CPU
		{610B6AC7-49E1-4B13-B991-CC0116DC837B}.Debug|Any CPU.ActiveCfg = Debug|Any CPU
		{610B6AC7-49E1-4B13-B991-CC0116DC837B}.Debug|Any CPU.Build.0 = Debug|Any CPU
		{610B6AC7-49E1-4B13-B991-CC0116DC837B}.Release|Any CPU.ActiveCfg = Release|Any CPU
		{610B6AC7-49E1-4B13-B991-CC0116DC837B}.Release|Any CPU.Build.0 = Release|Any CPU
		{ACB82190-ED6F-4B94-A278-792761E7BE27}.Debug|Any CPU.ActiveCfg = Debug|Any CPU
		{ACB82190-ED6F-4B94-A278-792761E7BE27}.Debug|Any CPU.Build.0 = Debug|Any CPU
		{ACB82190-ED6F-4B94-A278-792761E7BE27}.Release|Any CPU.ActiveCfg = Release|Any CPU
		{ACB82190-ED6F-4B94-A278-792761E7BE27}.Release|Any CPU.Build.0 = Release|Any CPU
	EndGlobalSection
	GlobalSection(SolutionProperties) = preSolution
		HideSolutionNode = FALSE
	EndGlobalSection
EndGlobal
