
Microsoft Visual Studio Solution File, Format Version 11.00
# Visual Studio 2010
Project("{FAE04EC0-301F-11D3-BF4B-00C04F79EFBC}") = "LOTROChatNarrator", "LOTROChatNarrator\LOTROChatNarrator.csproj", "{8BD5BD13-A987-48A1-B0C3-167B8804FF7A}"
EndProject
Project("{54435603-DBB4-11D2-8724-00A0C9A8B90C}") = "LOTROChatNarratorSetup", "LOTROChatNarratorSetup\LOTROChatNarratorSetup.vdproj", "{D30F4D3E-99C2-4071-86F2-EF2249BF0277}"
EndProject
Global
	GlobalSection(SolutionConfigurationPlatforms) = preSolution
		Debug|x86 = Debug|x86
		Release|x86 = Release|x86
	EndGlobalSection
	GlobalSection(ProjectConfigurationPlatforms) = postSolution
		{8BD5BD13-A987-48A1-B0C3-167B8804FF7A}.Debug|x86.ActiveCfg = Debug|x86
		{8BD5BD13-A987-48A1-B0C3-167B8804FF7A}.Debug|x86.Build.0 = Debug|x86
		{8BD5BD13-A987-48A1-B0C3-167B8804FF7A}.Release|x86.ActiveCfg = Release|x86
		{8BD5BD13-A987-48A1-B0C3-167B8804FF7A}.Release|x86.Build.0 = Release|x86
		{D30F4D3E-99C2-4071-86F2-EF2249BF0277}.Debug|x86.ActiveCfg = Debug
		{D30F4D3E-99C2-4071-86F2-EF2249BF0277}.Release|x86.ActiveCfg = Release
	EndGlobalSection
	GlobalSection(SolutionProperties) = preSolution
		HideSolutionNode = FALSE
	EndGlobalSection
EndGlobal
