
Microsoft Visual Studio Solution File, Format Version 12.00
# Visual Studio 14
VisualStudioVersion = 14.0.23107.0
MinimumVisualStudioVersion = 10.0.40219.1
Project("{FAE04EC0-301F-11D3-BF4B-00C04F79EFBC}") = "SRM259Q1", "SRM259Q1\SRM259Q1.csproj", "{8DE4A6B4-8348-4536-BD8B-62A9D236BEDB}"
EndProject
Project("{FAE04EC0-301F-11D3-BF4B-00C04F79EFBC}") = "SRM259Q2", "SRM259Q2\SRM259Q2.csproj", "{CADE7EB7-BCC6-41D9-BEF3-F388F36E41C5}"
EndProject
Project("{FAE04EC0-301F-11D3-BF4B-00C04F79EFBC}") = "SRM259Q3", "SRM259Q3\SRM259Q3.csproj", "{3DCA0CB2-B734-4CFC-ADF8-82817C0CA33E}"
EndProject
Global
	GlobalSection(SolutionConfigurationPlatforms) = preSolution
		Debug|Any CPU = Debug|Any CPU
		Release|Any CPU = Release|Any CPU
	EndGlobalSection
	GlobalSection(ProjectConfigurationPlatforms) = postSolution
		{8DE4A6B4-8348-4536-BD8B-62A9D236BEDB}.Debug|Any CPU.ActiveCfg = Debug|Any CPU
		{8DE4A6B4-8348-4536-BD8B-62A9D236BEDB}.Debug|Any CPU.Build.0 = Debug|Any CPU
		{8DE4A6B4-8348-4536-BD8B-62A9D236BEDB}.Release|Any CPU.ActiveCfg = Release|Any CPU
		{8DE4A6B4-8348-4536-BD8B-62A9D236BEDB}.Release|Any CPU.Build.0 = Release|Any CPU
		{CADE7EB7-BCC6-41D9-BEF3-F388F36E41C5}.Debug|Any CPU.ActiveCfg = Debug|Any CPU
		{CADE7EB7-BCC6-41D9-BEF3-F388F36E41C5}.Debug|Any CPU.Build.0 = Debug|Any CPU
		{CADE7EB7-BCC6-41D9-BEF3-F388F36E41C5}.Release|Any CPU.ActiveCfg = Release|Any CPU
		{CADE7EB7-BCC6-41D9-BEF3-F388F36E41C5}.Release|Any CPU.Build.0 = Release|Any CPU
		{3DCA0CB2-B734-4CFC-ADF8-82817C0CA33E}.Debug|Any CPU.ActiveCfg = Debug|Any CPU
		{3DCA0CB2-B734-4CFC-ADF8-82817C0CA33E}.Debug|Any CPU.Build.0 = Debug|Any CPU
		{3DCA0CB2-B734-4CFC-ADF8-82817C0CA33E}.Release|Any CPU.ActiveCfg = Release|Any CPU
		{3DCA0CB2-B734-4CFC-ADF8-82817C0CA33E}.Release|Any CPU.Build.0 = Release|Any CPU
	EndGlobalSection
	GlobalSection(SolutionProperties) = preSolution
		HideSolutionNode = FALSE
	EndGlobalSection
EndGlobal
