
Microsoft Visual Studio Solution File, Format Version 12.00
# Visual Studio 14
VisualStudioVersion = 14.0.23107.0
MinimumVisualStudioVersion = 10.0.40219.1
Project("{FAE04EC0-301F-11D3-BF4B-00C04F79EFBC}") = "GCJ09R1AQ1", "GCJ09R1AQ1\GCJ09R1AQ1.csproj", "{F1203C3C-76BF-4781-A173-672A92D62423}"
EndProject
Project("{FAE04EC0-301F-11D3-BF4B-00C04F79EFBC}") = "GCJ09R1AQ2", "GCJ09R1AQ2\GCJ09R1AQ2.csproj", "{43CA6327-938C-49F4-B6E8-791CE0C5F8B1}"
EndProject
Project("{FAE04EC0-301F-11D3-BF4B-00C04F79EFBC}") = "GCJ09R1AQ3", "GCJ09R1AQ3\GCJ09R1AQ3.csproj", "{269705DD-2647-4216-AAE2-1C3B2AF38C9F}"
EndProject
Project("{FAE04EC0-301F-11D3-BF4B-00C04F79EFBC}") = "GCJ09R1AQ4", "GCJ09R1AQ4\GCJ09R1AQ4.csproj", "{2FBF76C5-7172-4B19-8FEE-A743B4ED52E2}"
EndProject
Project("{FAE04EC0-301F-11D3-BF4B-00C04F79EFBC}") = "GCJ09R1AQ5", "GCJ09R1AQ5\GCJ09R1AQ5.csproj", "{2E51B7F0-A4AD-41DD-8A85-0676AA29E1BB}"
EndProject
Global
	GlobalSection(SolutionConfigurationPlatforms) = preSolution
		Debug|Any CPU = Debug|Any CPU
		Release|Any CPU = Release|Any CPU
	EndGlobalSection
	GlobalSection(ProjectConfigurationPlatforms) = postSolution
		{F1203C3C-76BF-4781-A173-672A92D62423}.Debug|Any CPU.ActiveCfg = Debug|Any CPU
		{F1203C3C-76BF-4781-A173-672A92D62423}.Debug|Any CPU.Build.0 = Debug|Any CPU
		{F1203C3C-76BF-4781-A173-672A92D62423}.Release|Any CPU.ActiveCfg = Release|Any CPU
		{F1203C3C-76BF-4781-A173-672A92D62423}.Release|Any CPU.Build.0 = Release|Any CPU
		{43CA6327-938C-49F4-B6E8-791CE0C5F8B1}.Debug|Any CPU.ActiveCfg = Debug|Any CPU
		{43CA6327-938C-49F4-B6E8-791CE0C5F8B1}.Debug|Any CPU.Build.0 = Debug|Any CPU
		{43CA6327-938C-49F4-B6E8-791CE0C5F8B1}.Release|Any CPU.ActiveCfg = Release|Any CPU
		{43CA6327-938C-49F4-B6E8-791CE0C5F8B1}.Release|Any CPU.Build.0 = Release|Any CPU
		{269705DD-2647-4216-AAE2-1C3B2AF38C9F}.Debug|Any CPU.ActiveCfg = Debug|Any CPU
		{269705DD-2647-4216-AAE2-1C3B2AF38C9F}.Debug|Any CPU.Build.0 = Debug|Any CPU
		{269705DD-2647-4216-AAE2-1C3B2AF38C9F}.Release|Any CPU.ActiveCfg = Release|Any CPU
		{269705DD-2647-4216-AAE2-1C3B2AF38C9F}.Release|Any CPU.Build.0 = Release|Any CPU
		{2FBF76C5-7172-4B19-8FEE-A743B4ED52E2}.Debug|Any CPU.ActiveCfg = Debug|Any CPU
		{2FBF76C5-7172-4B19-8FEE-A743B4ED52E2}.Debug|Any CPU.Build.0 = Debug|Any CPU
		{2FBF76C5-7172-4B19-8FEE-A743B4ED52E2}.Release|Any CPU.ActiveCfg = Release|Any CPU
		{2FBF76C5-7172-4B19-8FEE-A743B4ED52E2}.Release|Any CPU.Build.0 = Release|Any CPU
		{2E51B7F0-A4AD-41DD-8A85-0676AA29E1BB}.Debug|Any CPU.ActiveCfg = Debug|Any CPU
		{2E51B7F0-A4AD-41DD-8A85-0676AA29E1BB}.Debug|Any CPU.Build.0 = Debug|Any CPU
		{2E51B7F0-A4AD-41DD-8A85-0676AA29E1BB}.Release|Any CPU.ActiveCfg = Release|Any CPU
		{2E51B7F0-A4AD-41DD-8A85-0676AA29E1BB}.Release|Any CPU.Build.0 = Release|Any CPU
	EndGlobalSection
	GlobalSection(SolutionProperties) = preSolution
		HideSolutionNode = FALSE
	EndGlobalSection
EndGlobal
